// !$*UTF8*$!
{
	archiveVersion = 1;
	classes = {
	};
	objectVersion = 50;
	objects = {

/* Begin PBXBuildFile section */
		225FFADC25007C690030887F /* ButtonView.swift in Sources */ = {isa = PBXBuildFile; fileRef = 225FFADB25007C690030887F /* ButtonView.swift */; };
		225FFADE25007E7A0030887F /* FeelSafeView.swift in Sources */ = {isa = PBXBuildFile; fileRef = 225FFADD25007E7A0030887F /* FeelSafeView.swift */; };
		225FFAE025008FEB0030887F /* MayICallView.swift in Sources */ = {isa = PBXBuildFile; fileRef = 225FFADF25008FEB0030887F /* MayICallView.swift */; };
		225FFAE2250093BE0030887F /* DescribeMoodView.swift in Sources */ = {isa = PBXBuildFile; fileRef = 225FFAE1250093BE0030887F /* DescribeMoodView.swift */; };
		225FFAE425009FC90030887F /* ThanksView.swift in Sources */ = {isa = PBXBuildFile; fileRef = 225FFAE325009FC90030887F /* ThanksView.swift */; };
		225FFAE72500A2CE0030887F /* AnswersView.swift in Sources */ = {isa = PBXBuildFile; fileRef = 225FFAE62500A2CE0030887F /* AnswersView.swift */; };
		225FFAE92500A50B0030887F /* QuestionsView.swift in Sources */ = {isa = PBXBuildFile; fileRef = 225FFAE82500A50B0030887F /* QuestionsView.swift */; };
		225FFAEB2500A9560030887F /* SecondQuestionsView.swift in Sources */ = {isa = PBXBuildFile; fileRef = 225FFAEA2500A9560030887F /* SecondQuestionsView.swift */; };
		229BA4AA24FF05AA00BB0A56 /* AppDelegate.swift in Sources */ = {isa = PBXBuildFile; fileRef = 229BA4A924FF05AA00BB0A56 /* AppDelegate.swift */; };
		229BA4AC24FF05AA00BB0A56 /* SceneDelegate.swift in Sources */ = {isa = PBXBuildFile; fileRef = 229BA4AB24FF05AA00BB0A56 /* SceneDelegate.swift */; };
		229BA4AF24FF05AA00BB0A56 /* SafetyNet.xcdatamodeld in Sources */ = {isa = PBXBuildFile; fileRef = 229BA4AD24FF05AA00BB0A56 /* SafetyNet.xcdatamodeld */; };
		229BA4B124FF05AA00BB0A56 /* ContentView.swift in Sources */ = {isa = PBXBuildFile; fileRef = 229BA4B024FF05AA00BB0A56 /* ContentView.swift */; };
		229BA4B324FF05AD00BB0A56 /* Assets.xcassets in Resources */ = {isa = PBXBuildFile; fileRef = 229BA4B224FF05AD00BB0A56 /* Assets.xcassets */; };
		229BA4B624FF05AD00BB0A56 /* Preview Assets.xcassets in Resources */ = {isa = PBXBuildFile; fileRef = 229BA4B524FF05AD00BB0A56 /* Preview Assets.xcassets */; };
		229BA4B924FF05AD00BB0A56 /* LaunchScreen.storyboard in Resources */ = {isa = PBXBuildFile; fileRef = 229BA4B724FF05AD00BB0A56 /* LaunchScreen.storyboard */; };
		229BA4C424FF05AD00BB0A56 /* SafetyNetTests.swift in Sources */ = {isa = PBXBuildFile; fileRef = 229BA4C324FF05AD00BB0A56 /* SafetyNetTests.swift */; };
		229BA4CF24FF05AD00BB0A56 /* SafetyNetUITests.swift in Sources */ = {isa = PBXBuildFile; fileRef = 229BA4CE24FF05AD00BB0A56 /* SafetyNetUITests.swift */; };
		229BA4DD24FF0CBC00BB0A56 /* CheckInView.swift in Sources */ = {isa = PBXBuildFile; fileRef = 229BA4DC24FF0CBC00BB0A56 /* CheckInView.swift */; };
		229BA4DF24FF0CF900BB0A56 /* ProgressView.swift in Sources */ = {isa = PBXBuildFile; fileRef = 229BA4DE24FF0CF900BB0A56 /* ProgressView.swift */; };
		229BA4E124FF0D2E00BB0A56 /* ResourcesView.swift in Sources */ = {isa = PBXBuildFile; fileRef = 229BA4E024FF0D2E00BB0A56 /* ResourcesView.swift */; };
		229BA4E324FF0DCC00BB0A56 /* SettingsView.swift in Sources */ = {isa = PBXBuildFile; fileRef = 229BA4E224FF0DCC00BB0A56 /* SettingsView.swift */; };
		229BA4E524FF0DEA00BB0A56 /* EmergencyView.swift in Sources */ = {isa = PBXBuildFile; fileRef = 229BA4E424FF0DEA00BB0A56 /* EmergencyView.swift */; };
		F60F6C2B25032E110038A7CF /* SettingsButtonView.swift in Sources */ = {isa = PBXBuildFile; fileRef = F60F6C2A25032E110038A7CF /* SettingsButtonView.swift */; };
		F651C4BF2503739B00B9B08B /* EmergencyOptionsButtonView.swift in Sources */ = {isa = PBXBuildFile; fileRef = F651C4BE2503739B00B9B08B /* EmergencyOptionsButtonView.swift */; };
/* End PBXBuildFile section */

/* Begin PBXContainerItemProxy section */
		229BA4C024FF05AD00BB0A56 /* PBXContainerItemProxy */ = {
			isa = PBXContainerItemProxy;
			containerPortal = 229BA49E24FF05AA00BB0A56 /* Project object */;
			proxyType = 1;
			remoteGlobalIDString = 229BA4A524FF05AA00BB0A56;
			remoteInfo = SafetyNet;
		};
		229BA4CB24FF05AD00BB0A56 /* PBXContainerItemProxy */ = {
			isa = PBXContainerItemProxy;
			containerPortal = 229BA49E24FF05AA00BB0A56 /* Project object */;
			proxyType = 1;
			remoteGlobalIDString = 229BA4A524FF05AA00BB0A56;
			remoteInfo = SafetyNet;
		};
/* End PBXContainerItemProxy section */

/* Begin PBXFileReference section */
		225FFADB25007C690030887F /* ButtonView.swift */ = {isa = PBXFileReference; lastKnownFileType = sourcecode.swift; path = ButtonView.swift; sourceTree = "<group>"; };
		225FFADD25007E7A0030887F /* FeelSafeView.swift */ = {isa = PBXFileReference; lastKnownFileType = sourcecode.swift; path = FeelSafeView.swift; sourceTree = "<group>"; };
		225FFADF25008FEB0030887F /* MayICallView.swift */ = {isa = PBXFileReference; lastKnownFileType = sourcecode.swift; path = MayICallView.swift; sourceTree = "<group>"; };
		225FFAE1250093BE0030887F /* DescribeMoodView.swift */ = {isa = PBXFileReference; lastKnownFileType = sourcecode.swift; path = DescribeMoodView.swift; sourceTree = "<group>"; };
		225FFAE325009FC90030887F /* ThanksView.swift */ = {isa = PBXFileReference; lastKnownFileType = sourcecode.swift; path = ThanksView.swift; sourceTree = "<group>"; };
		225FFAE62500A2CE0030887F /* AnswersView.swift */ = {isa = PBXFileReference; lastKnownFileType = sourcecode.swift; path = AnswersView.swift; sourceTree = "<group>"; };
		225FFAE82500A50B0030887F /* QuestionsView.swift */ = {isa = PBXFileReference; lastKnownFileType = sourcecode.swift; path = QuestionsView.swift; sourceTree = "<group>"; };
		225FFAEA2500A9560030887F /* SecondQuestionsView.swift */ = {isa = PBXFileReference; lastKnownFileType = sourcecode.swift; path = SecondQuestionsView.swift; sourceTree = "<group>"; };
		229BA4A624FF05AA00BB0A56 /* SafetyNet.app */ = {isa = PBXFileReference; explicitFileType = wrapper.application; includeInIndex = 0; path = SafetyNet.app; sourceTree = BUILT_PRODUCTS_DIR; };
		229BA4A924FF05AA00BB0A56 /* AppDelegate.swift */ = {isa = PBXFileReference; lastKnownFileType = sourcecode.swift; path = AppDelegate.swift; sourceTree = "<group>"; };
		229BA4AB24FF05AA00BB0A56 /* SceneDelegate.swift */ = {isa = PBXFileReference; lastKnownFileType = sourcecode.swift; path = SceneDelegate.swift; sourceTree = "<group>"; };
		229BA4AE24FF05AA00BB0A56 /* SafetyNet.xcdatamodel */ = {isa = PBXFileReference; lastKnownFileType = wrapper.xcdatamodel; path = SafetyNet.xcdatamodel; sourceTree = "<group>"; };
		229BA4B024FF05AA00BB0A56 /* ContentView.swift */ = {isa = PBXFileReference; lastKnownFileType = sourcecode.swift; path = ContentView.swift; sourceTree = "<group>"; };
		229BA4B224FF05AD00BB0A56 /* Assets.xcassets */ = {isa = PBXFileReference; lastKnownFileType = folder.assetcatalog; path = Assets.xcassets; sourceTree = "<group>"; };
		229BA4B524FF05AD00BB0A56 /* Preview Assets.xcassets */ = {isa = PBXFileReference; lastKnownFileType = folder.assetcatalog; path = "Preview Assets.xcassets"; sourceTree = "<group>"; };
		229BA4B824FF05AD00BB0A56 /* Base */ = {isa = PBXFileReference; lastKnownFileType = file.storyboard; name = Base; path = Base.lproj/LaunchScreen.storyboard; sourceTree = "<group>"; };
		229BA4BA24FF05AD00BB0A56 /* Info.plist */ = {isa = PBXFileReference; lastKnownFileType = text.plist.xml; path = Info.plist; sourceTree = "<group>"; };
		229BA4BF24FF05AD00BB0A56 /* SafetyNetTests.xctest */ = {isa = PBXFileReference; explicitFileType = wrapper.cfbundle; includeInIndex = 0; path = SafetyNetTests.xctest; sourceTree = BUILT_PRODUCTS_DIR; };
		229BA4C324FF05AD00BB0A56 /* SafetyNetTests.swift */ = {isa = PBXFileReference; lastKnownFileType = sourcecode.swift; path = SafetyNetTests.swift; sourceTree = "<group>"; };
		229BA4C524FF05AD00BB0A56 /* Info.plist */ = {isa = PBXFileReference; lastKnownFileType = text.plist.xml; path = Info.plist; sourceTree = "<group>"; };
		229BA4CA24FF05AD00BB0A56 /* SafetyNetUITests.xctest */ = {isa = PBXFileReference; explicitFileType = wrapper.cfbundle; includeInIndex = 0; path = SafetyNetUITests.xctest; sourceTree = BUILT_PRODUCTS_DIR; };
		229BA4CE24FF05AD00BB0A56 /* SafetyNetUITests.swift */ = {isa = PBXFileReference; lastKnownFileType = sourcecode.swift; path = SafetyNetUITests.swift; sourceTree = "<group>"; };
		229BA4D024FF05AD00BB0A56 /* Info.plist */ = {isa = PBXFileReference; lastKnownFileType = text.plist.xml; path = Info.plist; sourceTree = "<group>"; };
		229BA4DC24FF0CBC00BB0A56 /* CheckInView.swift */ = {isa = PBXFileReference; lastKnownFileType = sourcecode.swift; path = CheckInView.swift; sourceTree = "<group>"; };
		229BA4DE24FF0CF900BB0A56 /* ProgressView.swift */ = {isa = PBXFileReference; lastKnownFileType = sourcecode.swift; path = ProgressView.swift; sourceTree = "<group>"; };
		229BA4E024FF0D2E00BB0A56 /* ResourcesView.swift */ = {isa = PBXFileReference; lastKnownFileType = sourcecode.swift; path = ResourcesView.swift; sourceTree = "<group>"; };
		229BA4E224FF0DCC00BB0A56 /* SettingsView.swift */ = {isa = PBXFileReference; lastKnownFileType = sourcecode.swift; path = SettingsView.swift; sourceTree = "<group>"; };
		229BA4E424FF0DEA00BB0A56 /* EmergencyView.swift */ = {isa = PBXFileReference; lastKnownFileType = sourcecode.swift; path = EmergencyView.swift; sourceTree = "<group>"; };
		F60F6C2A25032E110038A7CF /* SettingsButtonView.swift */ = {isa = PBXFileReference; lastKnownFileType = sourcecode.swift; path = SettingsButtonView.swift; sourceTree = "<group>"; };
		F651C4BE2503739B00B9B08B /* EmergencyOptionsButtonView.swift */ = {isa = PBXFileReference; lastKnownFileType = sourcecode.swift; path = EmergencyOptionsButtonView.swift; sourceTree = "<group>"; };
/* End PBXFileReference section */

/* Begin PBXFrameworksBuildPhase section */
		229BA4A324FF05AA00BB0A56 /* Frameworks */ = {
			isa = PBXFrameworksBuildPhase;
			buildActionMask = 2147483647;
			files = (
			);
			runOnlyForDeploymentPostprocessing = 0;
		};
		229BA4BC24FF05AD00BB0A56 /* Frameworks */ = {
			isa = PBXFrameworksBuildPhase;
			buildActionMask = 2147483647;
			files = (
			);
			runOnlyForDeploymentPostprocessing = 0;
		};
		229BA4C724FF05AD00BB0A56 /* Frameworks */ = {
			isa = PBXFrameworksBuildPhase;
			buildActionMask = 2147483647;
			files = (
			);
			runOnlyForDeploymentPostprocessing = 0;
		};
/* End PBXFrameworksBuildPhase section */

/* Begin PBXGroup section */
		225FFADA25007B750030887F /* Check In */ = {
			isa = PBXGroup;
			children = (
				225FFAE52500A2860030887F /* Second Questions */,
				229BA4DC24FF0CBC00BB0A56 /* CheckInView.swift */,
				225FFADB25007C690030887F /* ButtonView.swift */,
				225FFADD25007E7A0030887F /* FeelSafeView.swift */,
				225FFADF25008FEB0030887F /* MayICallView.swift */,
				225FFAE1250093BE0030887F /* DescribeMoodView.swift */,
				225FFAE325009FC90030887F /* ThanksView.swift */,
			);
			path = "Check In";
			sourceTree = "<group>";
		};
		225FFAE52500A2860030887F /* Second Questions */ = {
			isa = PBXGroup;
			children = (
				225FFAE62500A2CE0030887F /* AnswersView.swift */,
				225FFAE82500A50B0030887F /* QuestionsView.swift */,
				225FFAEA2500A9560030887F /* SecondQuestionsView.swift */,
			);
			path = "Second Questions";
			sourceTree = "<group>";
		};
		229BA49D24FF05AA00BB0A56 = {
			isa = PBXGroup;
			children = (
				229BA4A824FF05AA00BB0A56 /* SafetyNet */,
				229BA4C224FF05AD00BB0A56 /* SafetyNetTests */,
				229BA4CD24FF05AD00BB0A56 /* SafetyNetUITests */,
				229BA4A724FF05AA00BB0A56 /* Products */,
			);
			sourceTree = "<group>";
		};
		229BA4A724FF05AA00BB0A56 /* Products */ = {
			isa = PBXGroup;
			children = (
				229BA4A624FF05AA00BB0A56 /* SafetyNet.app */,
				229BA4BF24FF05AD00BB0A56 /* SafetyNetTests.xctest */,
				229BA4CA24FF05AD00BB0A56 /* SafetyNetUITests.xctest */,
			);
			name = Products;
			sourceTree = "<group>";
		};
		229BA4A824FF05AA00BB0A56 /* SafetyNet */ = {
			isa = PBXGroup;
			children = (
				229BA4A924FF05AA00BB0A56 /* AppDelegate.swift */,
				229BA4AB24FF05AA00BB0A56 /* SceneDelegate.swift */,
				229BA4B024FF05AA00BB0A56 /* ContentView.swift */,
				229BA4B224FF05AD00BB0A56 /* Assets.xcassets */,
				229BA4B724FF05AD00BB0A56 /* LaunchScreen.storyboard */,
				229BA4BA24FF05AD00BB0A56 /* Info.plist */,
				229BA4AD24FF05AA00BB0A56 /* SafetyNet.xcdatamodeld */,
				229BA4B424FF05AD00BB0A56 /* Preview Content */,
				225FFADA25007B750030887F /* Check In */,
				F651C4BD250371D900B9B08B /* Settings View */,
				229BA4DE24FF0CF900BB0A56 /* ProgressView.swift */,
				229BA4E024FF0D2E00BB0A56 /* ResourcesView.swift */,
				F651C4C0250373A300B9B08B /* Emergency View */,
			);
			path = SafetyNet;
			sourceTree = "<group>";
		};
		229BA4B424FF05AD00BB0A56 /* Preview Content */ = {
			isa = PBXGroup;
			children = (
				229BA4B524FF05AD00BB0A56 /* Preview Assets.xcassets */,
			);
			path = "Preview Content";
			sourceTree = "<group>";
		};
		229BA4C224FF05AD00BB0A56 /* SafetyNetTests */ = {
			isa = PBXGroup;
			children = (
				229BA4C324FF05AD00BB0A56 /* SafetyNetTests.swift */,
				229BA4C524FF05AD00BB0A56 /* Info.plist */,
			);
			path = SafetyNetTests;
			sourceTree = "<group>";
		};
		229BA4CD24FF05AD00BB0A56 /* SafetyNetUITests */ = {
			isa = PBXGroup;
			children = (
				229BA4CE24FF05AD00BB0A56 /* SafetyNetUITests.swift */,
				229BA4D024FF05AD00BB0A56 /* Info.plist */,
			);
			path = SafetyNetUITests;
			sourceTree = "<group>";
		};
		F651C4BD250371D900B9B08B /* Settings View */ = {
			isa = PBXGroup;
			children = (
				229BA4E224FF0DCC00BB0A56 /* SettingsView.swift */,
				F60F6C2A25032E110038A7CF /* SettingsButtonView.swift */,
			);
			path = "Settings View";
			sourceTree = "<group>";
		};
		F651C4C0250373A300B9B08B /* Emergency View */ = {
			isa = PBXGroup;
			children = (
				F651C4BE2503739B00B9B08B /* EmergencyOptionsButtonView.swift */,
				229BA4E424FF0DEA00BB0A56 /* EmergencyView.swift */,
			);
			path = "Emergency View";
			sourceTree = "<group>";
		};
/* End PBXGroup section */

/* Begin PBXNativeTarget section */
		229BA4A524FF05AA00BB0A56 /* SafetyNet */ = {
			isa = PBXNativeTarget;
			buildConfigurationList = 229BA4D324FF05AD00BB0A56 /* Build configuration list for PBXNativeTarget "SafetyNet" */;
			buildPhases = (
				229BA4A224FF05AA00BB0A56 /* Sources */,
				229BA4A324FF05AA00BB0A56 /* Frameworks */,
				229BA4A424FF05AA00BB0A56 /* Resources */,
			);
			buildRules = (
			);
			dependencies = (
			);
			name = SafetyNet;
			productName = SafetyNet;
			productReference = 229BA4A624FF05AA00BB0A56 /* SafetyNet.app */;
			productType = "com.apple.product-type.application";
		};
		229BA4BE24FF05AD00BB0A56 /* SafetyNetTests */ = {
			isa = PBXNativeTarget;
			buildConfigurationList = 229BA4D624FF05AD00BB0A56 /* Build configuration list for PBXNativeTarget "SafetyNetTests" */;
			buildPhases = (
				229BA4BB24FF05AD00BB0A56 /* Sources */,
				229BA4BC24FF05AD00BB0A56 /* Frameworks */,
				229BA4BD24FF05AD00BB0A56 /* Resources */,
			);
			buildRules = (
			);
			dependencies = (
				229BA4C124FF05AD00BB0A56 /* PBXTargetDependency */,
			);
			name = SafetyNetTests;
			productName = SafetyNetTests;
			productReference = 229BA4BF24FF05AD00BB0A56 /* SafetyNetTests.xctest */;
			productType = "com.apple.product-type.bundle.unit-test";
		};
		229BA4C924FF05AD00BB0A56 /* SafetyNetUITests */ = {
			isa = PBXNativeTarget;
			buildConfigurationList = 229BA4D924FF05AD00BB0A56 /* Build configuration list for PBXNativeTarget "SafetyNetUITests" */;
			buildPhases = (
				229BA4C624FF05AD00BB0A56 /* Sources */,
				229BA4C724FF05AD00BB0A56 /* Frameworks */,
				229BA4C824FF05AD00BB0A56 /* Resources */,
			);
			buildRules = (
			);
			dependencies = (
				229BA4CC24FF05AD00BB0A56 /* PBXTargetDependency */,
			);
			name = SafetyNetUITests;
			productName = SafetyNetUITests;
			productReference = 229BA4CA24FF05AD00BB0A56 /* SafetyNetUITests.xctest */;
			productType = "com.apple.product-type.bundle.ui-testing";
		};
/* End PBXNativeTarget section */

/* Begin PBXProject section */
		229BA49E24FF05AA00BB0A56 /* Project object */ = {
			isa = PBXProject;
			attributes = {
				LastSwiftUpdateCheck = 1160;
				LastUpgradeCheck = 1160;
				ORGANIZATIONNAME = SafetyNet;
				TargetAttributes = {
					229BA4A524FF05AA00BB0A56 = {
						CreatedOnToolsVersion = 11.6;
					};
					229BA4BE24FF05AD00BB0A56 = {
						CreatedOnToolsVersion = 11.6;
						TestTargetID = 229BA4A524FF05AA00BB0A56;
					};
					229BA4C924FF05AD00BB0A56 = {
						CreatedOnToolsVersion = 11.6;
						TestTargetID = 229BA4A524FF05AA00BB0A56;
					};
				};
			};
			buildConfigurationList = 229BA4A124FF05AA00BB0A56 /* Build configuration list for PBXProject "SafetyNet" */;
			compatibilityVersion = "Xcode 9.3";
			developmentRegion = en;
			hasScannedForEncodings = 0;
			knownRegions = (
				en,
				Base,
			);
			mainGroup = 229BA49D24FF05AA00BB0A56;
			productRefGroup = 229BA4A724FF05AA00BB0A56 /* Products */;
			projectDirPath = "";
			projectRoot = "";
			targets = (
				229BA4A524FF05AA00BB0A56 /* SafetyNet */,
				229BA4BE24FF05AD00BB0A56 /* SafetyNetTests */,
				229BA4C924FF05AD00BB0A56 /* SafetyNetUITests */,
			);
		};
/* End PBXProject section */

/* Begin PBXResourcesBuildPhase section */
		229BA4A424FF05AA00BB0A56 /* Resources */ = {
			isa = PBXResourcesBuildPhase;
			buildActionMask = 2147483647;
			files = (
				229BA4B924FF05AD00BB0A56 /* LaunchScreen.storyboard in Resources */,
				229BA4B624FF05AD00BB0A56 /* Preview Assets.xcassets in Resources */,
				229BA4B324FF05AD00BB0A56 /* Assets.xcassets in Resources */,
			);
			runOnlyForDeploymentPostprocessing = 0;
		};
		229BA4BD24FF05AD00BB0A56 /* Resources */ = {
			isa = PBXResourcesBuildPhase;
			buildActionMask = 2147483647;
			files = (
			);
			runOnlyForDeploymentPostprocessing = 0;
		};
		229BA4C824FF05AD00BB0A56 /* Resources */ = {
			isa = PBXResourcesBuildPhase;
			buildActionMask = 2147483647;
			files = (
			);
			runOnlyForDeploymentPostprocessing = 0;
		};
/* End PBXResourcesBuildPhase section */

/* Begin PBXSourcesBuildPhase section */
		229BA4A224FF05AA00BB0A56 /* Sources */ = {
			isa = PBXSourcesBuildPhase;
			buildActionMask = 2147483647;
			files = (
				F651C4BF2503739B00B9B08B /* EmergencyOptionsButtonView.swift in Sources */,
				225FFAE025008FEB0030887F /* MayICallView.swift in Sources */,
				229BA4AA24FF05AA00BB0A56 /* AppDelegate.swift in Sources */,
				225FFAE92500A50B0030887F /* QuestionsView.swift in Sources */,
				225FFADE25007E7A0030887F /* FeelSafeView.swift in Sources */,
				225FFAE425009FC90030887F /* ThanksView.swift in Sources */,
				225FFAE72500A2CE0030887F /* AnswersView.swift in Sources */,
				229BA4E524FF0DEA00BB0A56 /* EmergencyView.swift in Sources */,
				F60F6C2B25032E110038A7CF /* SettingsButtonView.swift in Sources */,
				225FFAEB2500A9560030887F /* SecondQuestionsView.swift in Sources */,
				229BA4E324FF0DCC00BB0A56 /* SettingsView.swift in Sources */,
				225FFADC25007C690030887F /* ButtonView.swift in Sources */,
				229BA4AF24FF05AA00BB0A56 /* SafetyNet.xcdatamodeld in Sources */,
				229BA4DD24FF0CBC00BB0A56 /* CheckInView.swift in Sources */,
				229BA4E124FF0D2E00BB0A56 /* ResourcesView.swift in Sources */,
				229BA4B124FF05AA00BB0A56 /* ContentView.swift in Sources */,
				225FFAE2250093BE0030887F /* DescribeMoodView.swift in Sources */,
				229BA4AC24FF05AA00BB0A56 /* SceneDelegate.swift in Sources */,
				229BA4DF24FF0CF900BB0A56 /* ProgressView.swift in Sources */,
			);
			runOnlyForDeploymentPostprocessing = 0;
		};
		229BA4BB24FF05AD00BB0A56 /* Sources */ = {
			isa = PBXSourcesBuildPhase;
			buildActionMask = 2147483647;
			files = (
				229BA4C424FF05AD00BB0A56 /* SafetyNetTests.swift in Sources */,
			);
			runOnlyForDeploymentPostprocessing = 0;
		};
		229BA4C624FF05AD00BB0A56 /* Sources */ = {
			isa = PBXSourcesBuildPhase;
			buildActionMask = 2147483647;
			files = (
				229BA4CF24FF05AD00BB0A56 /* SafetyNetUITests.swift in Sources */,
			);
			runOnlyForDeploymentPostprocessing = 0;
		};
/* End PBXSourcesBuildPhase section */

/* Begin PBXTargetDependency section */
		229BA4C124FF05AD00BB0A56 /* PBXTargetDependency */ = {
			isa = PBXTargetDependency;
			target = 229BA4A524FF05AA00BB0A56 /* SafetyNet */;
			targetProxy = 229BA4C024FF05AD00BB0A56 /* PBXContainerItemProxy */;
		};
		229BA4CC24FF05AD00BB0A56 /* PBXTargetDependency */ = {
			isa = PBXTargetDependency;
			target = 229BA4A524FF05AA00BB0A56 /* SafetyNet */;
			targetProxy = 229BA4CB24FF05AD00BB0A56 /* PBXContainerItemProxy */;
		};
/* End PBXTargetDependency section */

/* Begin PBXVariantGroup section */
		229BA4B724FF05AD00BB0A56 /* LaunchScreen.storyboard */ = {
			isa = PBXVariantGroup;
			children = (
				229BA4B824FF05AD00BB0A56 /* Base */,
			);
			name = LaunchScreen.storyboard;
			sourceTree = "<group>";
		};
/* End PBXVariantGroup section */

/* Begin XCBuildConfiguration section */
		229BA4D124FF05AD00BB0A56 /* Debug */ = {
			isa = XCBuildConfiguration;
			buildSettings = {
				ALWAYS_SEARCH_USER_PATHS = NO;
				CLANG_ANALYZER_NONNULL = YES;
				CLANG_ANALYZER_NUMBER_OBJECT_CONVERSION = YES_AGGRESSIVE;
				CLANG_CXX_LANGUAGE_STANDARD = "gnu++14";
				CLANG_CXX_LIBRARY = "libc++";
				CLANG_ENABLE_MODULES = YES;
				CLANG_ENABLE_OBJC_ARC = YES;
				CLANG_ENABLE_OBJC_WEAK = YES;
				CLANG_WARN_BLOCK_CAPTURE_AUTORELEASING = YES;
				CLANG_WARN_BOOL_CONVERSION = YES;
				CLANG_WARN_COMMA = YES;
				CLANG_WARN_CONSTANT_CONVERSION = YES;
				CLANG_WARN_DEPRECATED_OBJC_IMPLEMENTATIONS = YES;
				CLANG_WARN_DIRECT_OBJC_ISA_USAGE = YES_ERROR;
				CLANG_WARN_DOCUMENTATION_COMMENTS = YES;
				CLANG_WARN_EMPTY_BODY = YES;
				CLANG_WARN_ENUM_CONVERSION = YES;
				CLANG_WARN_INFINITE_RECURSION = YES;
				CLANG_WARN_INT_CONVERSION = YES;
				CLANG_WARN_NON_LITERAL_NULL_CONVERSION = YES;
				CLANG_WARN_OBJC_IMPLICIT_RETAIN_SELF = YES;
				CLANG_WARN_OBJC_LITERAL_CONVERSION = YES;
				CLANG_WARN_OBJC_ROOT_CLASS = YES_ERROR;
				CLANG_WARN_RANGE_LOOP_ANALYSIS = YES;
				CLANG_WARN_STRICT_PROTOTYPES = YES;
				CLANG_WARN_SUSPICIOUS_MOVE = YES;
				CLANG_WARN_UNGUARDED_AVAILABILITY = YES_AGGRESSIVE;
				CLANG_WARN_UNREACHABLE_CODE = YES;
				CLANG_WARN__DUPLICATE_METHOD_MATCH = YES;
				COPY_PHASE_STRIP = NO;
				DEBUG_INFORMATION_FORMAT = dwarf;
				ENABLE_STRICT_OBJC_MSGSEND = YES;
				ENABLE_TESTABILITY = YES;
				GCC_C_LANGUAGE_STANDARD = gnu11;
				GCC_DYNAMIC_NO_PIC = NO;
				GCC_NO_COMMON_BLOCKS = YES;
				GCC_OPTIMIZATION_LEVEL = 0;
				GCC_PREPROCESSOR_DEFINITIONS = (
					"DEBUG=1",
					"$(inherited)",
				);
				GCC_WARN_64_TO_32_BIT_CONVERSION = YES;
				GCC_WARN_ABOUT_RETURN_TYPE = YES_ERROR;
				GCC_WARN_UNDECLARED_SELECTOR = YES;
				GCC_WARN_UNINITIALIZED_AUTOS = YES_AGGRESSIVE;
				GCC_WARN_UNUSED_FUNCTION = YES;
				GCC_WARN_UNUSED_VARIABLE = YES;
				IPHONEOS_DEPLOYMENT_TARGET = 13.6;
				MTL_ENABLE_DEBUG_INFO = INCLUDE_SOURCE;
				MTL_FAST_MATH = YES;
				ONLY_ACTIVE_ARCH = YES;
				SDKROOT = iphoneos;
				SWIFT_ACTIVE_COMPILATION_CONDITIONS = DEBUG;
				SWIFT_OPTIMIZATION_LEVEL = "-Onone";
			};
			name = Debug;
		};
		229BA4D224FF05AD00BB0A56 /* Release */ = {
			isa = XCBuildConfiguration;
			buildSettings = {
				ALWAYS_SEARCH_USER_PATHS = NO;
				CLANG_ANALYZER_NONNULL = YES;
				CLANG_ANALYZER_NUMBER_OBJECT_CONVERSION = YES_AGGRESSIVE;
				CLANG_CXX_LANGUAGE_STANDARD = "gnu++14";
				CLANG_CXX_LIBRARY = "libc++";
				CLANG_ENABLE_MODULES = YES;
				CLANG_ENABLE_OBJC_ARC = YES;
				CLANG_ENABLE_OBJC_WEAK = YES;
				CLANG_WARN_BLOCK_CAPTURE_AUTORELEASING = YES;
				CLANG_WARN_BOOL_CONVERSION = YES;
				CLANG_WARN_COMMA = YES;
				CLANG_WARN_CONSTANT_CONVERSION = YES;
				CLANG_WARN_DEPRECATED_OBJC_IMPLEMENTATIONS = YES;
				CLANG_WARN_DIRECT_OBJC_ISA_USAGE = YES_ERROR;
				CLANG_WARN_DOCUMENTATION_COMMENTS = YES;
				CLANG_WARN_EMPTY_BODY = YES;
				CLANG_WARN_ENUM_CONVERSION = YES;
				CLANG_WARN_INFINITE_RECURSION = YES;
				CLANG_WARN_INT_CONVERSION = YES;
				CLANG_WARN_NON_LITERAL_NULL_CONVERSION = YES;
				CLANG_WARN_OBJC_IMPLICIT_RETAIN_SELF = YES;
				CLANG_WARN_OBJC_LITERAL_CONVERSION = YES;
				CLANG_WARN_OBJC_ROOT_CLASS = YES_ERROR;
				CLANG_WARN_RANGE_LOOP_ANALYSIS = YES;
				CLANG_WARN_STRICT_PROTOTYPES = YES;
				CLANG_WARN_SUSPICIOUS_MOVE = YES;
				CLANG_WARN_UNGUARDED_AVAILABILITY = YES_AGGRESSIVE;
				CLANG_WARN_UNREACHABLE_CODE = YES;
				CLANG_WARN__DUPLICATE_METHOD_MATCH = YES;
				COPY_PHASE_STRIP = NO;
				DEBUG_INFORMATION_FORMAT = "dwarf-with-dsym";
				ENABLE_NS_ASSERTIONS = NO;
				ENABLE_STRICT_OBJC_MSGSEND = YES;
				GCC_C_LANGUAGE_STANDARD = gnu11;
				GCC_NO_COMMON_BLOCKS = YES;
				GCC_WARN_64_TO_32_BIT_CONVERSION = YES;
				GCC_WARN_ABOUT_RETURN_TYPE = YES_ERROR;
				GCC_WARN_UNDECLARED_SELECTOR = YES;
				GCC_WARN_UNINITIALIZED_AUTOS = YES_AGGRESSIVE;
				GCC_WARN_UNUSED_FUNCTION = YES;
				GCC_WARN_UNUSED_VARIABLE = YES;
				IPHONEOS_DEPLOYMENT_TARGET = 13.6;
				MTL_ENABLE_DEBUG_INFO = NO;
				MTL_FAST_MATH = YES;
				SDKROOT = iphoneos;
				SWIFT_COMPILATION_MODE = wholemodule;
				SWIFT_OPTIMIZATION_LEVEL = "-O";
				VALIDATE_PRODUCT = YES;
			};
			name = Release;
		};
		229BA4D424FF05AD00BB0A56 /* Debug */ = {
			isa = XCBuildConfiguration;
			buildSettings = {
				ASSETCATALOG_COMPILER_APPICON_NAME = AppIcon;
				CODE_SIGN_STYLE = Automatic;
				DEVELOPMENT_ASSET_PATHS = "\"SafetyNet/Preview Content\"";
				DEVELOPMENT_TEAM = KTR9AY2NCY;
				ENABLE_PREVIEWS = YES;
				INFOPLIST_FILE = SafetyNet/Info.plist;
				LD_RUNPATH_SEARCH_PATHS = (
					"$(inherited)",
					"@executable_path/Frameworks",
				);
				PRODUCT_BUNDLE_IDENTIFIER = com.safetynet.SafetyNetUserApp;
				PRODUCT_NAME = "$(TARGET_NAME)";
				SWIFT_VERSION = 5.0;
				TARGETED_DEVICE_FAMILY = "1,2";
			};
			name = Debug;
		};
		229BA4D524FF05AD00BB0A56 /* Release */ = {
			isa = XCBuildConfiguration;
			buildSettings = {
				ASSETCATALOG_COMPILER_APPICON_NAME = AppIcon;
				CODE_SIGN_STYLE = Automatic;
				DEVELOPMENT_ASSET_PATHS = "\"SafetyNet/Preview Content\"";
				DEVELOPMENT_TEAM = KTR9AY2NCY;
				ENABLE_PREVIEWS = YES;
				INFOPLIST_FILE = SafetyNet/Info.plist;
				LD_RUNPATH_SEARCH_PATHS = (
					"$(inherited)",
					"@executable_path/Frameworks",
				);
				PRODUCT_BUNDLE_IDENTIFIER = com.safetynet.SafetyNetUserApp;
				PRODUCT_NAME = "$(TARGET_NAME)";
				SWIFT_VERSION = 5.0;
				TARGETED_DEVICE_FAMILY = "1,2";
			};
			name = Release;
		};
		229BA4D724FF05AD00BB0A56 /* Debug */ = {
			isa = XCBuildConfiguration;
			buildSettings = {
				ALWAYS_EMBED_SWIFT_STANDARD_LIBRARIES = YES;
				BUNDLE_LOADER = "$(TEST_HOST)";
				CODE_SIGN_STYLE = Automatic;
				INFOPLIST_FILE = SafetyNetTests/Info.plist;
				IPHONEOS_DEPLOYMENT_TARGET = 13.6;
				LD_RUNPATH_SEARCH_PATHS = (
					"$(inherited)",
					"@executable_path/Frameworks",
					"@loader_path/Frameworks",
				);
				PRODUCT_BUNDLE_IDENTIFIER = safetynet.SafetyNetTests;
				PRODUCT_NAME = "$(TARGET_NAME)";
				SWIFT_VERSION = 5.0;
				TARGETED_DEVICE_FAMILY = "1,2";
				TEST_HOST = "$(BUILT_PRODUCTS_DIR)/SafetyNet.app/SafetyNet";
			};
			name = Debug;
		};
		229BA4D824FF05AD00BB0A56 /* Release */ = {
			isa = XCBuildConfiguration;
			buildSettings = {
				ALWAYS_EMBED_SWIFT_STANDARD_LIBRARIES = YES;
				BUNDLE_LOADER = "$(TEST_HOST)";
				CODE_SIGN_STYLE = Automatic;
				INFOPLIST_FILE = SafetyNetTests/Info.plist;
				IPHONEOS_DEPLOYMENT_TARGET = 13.6;
				LD_RUNPATH_SEARCH_PATHS = (
					"$(inherited)",
					"@executable_path/Frameworks",
					"@loader_path/Frameworks",
				);
				PRODUCT_BUNDLE_IDENTIFIER = safetynet.SafetyNetTests;
				PRODUCT_NAME = "$(TARGET_NAME)";
				SWIFT_VERSION = 5.0;
				TARGETED_DEVICE_FAMILY = "1,2";
				TEST_HOST = "$(BUILT_PRODUCTS_DIR)/SafetyNet.app/SafetyNet";
			};
			name = Release;
		};
		229BA4DA24FF05AD00BB0A56 /* Debug */ = {
			isa = XCBuildConfiguration;
			buildSettings = {
				ALWAYS_EMBED_SWIFT_STANDARD_LIBRARIES = YES;
				CODE_SIGN_STYLE = Automatic;
				INFOPLIST_FILE = SafetyNetUITests/Info.plist;
				LD_RUNPATH_SEARCH_PATHS = (
					"$(inherited)",
					"@executable_path/Frameworks",
					"@loader_path/Frameworks",
				);
				PRODUCT_BUNDLE_IDENTIFIER = safetynet.SafetyNetUITests;
				PRODUCT_NAME = "$(TARGET_NAME)";
				SWIFT_VERSION = 5.0;
				TARGETED_DEVICE_FAMILY = "1,2";
				TEST_TARGET_NAME = SafetyNet;
			};
			name = Debug;
		};
		229BA4DB24FF05AD00BB0A56 /* Release */ = {
			isa = XCBuildConfiguration;
			buildSettings = {
				ALWAYS_EMBED_SWIFT_STANDARD_LIBRARIES = YES;
				CODE_SIGN_STYLE = Automatic;
				INFOPLIST_FILE = SafetyNetUITests/Info.plist;
				LD_RUNPATH_SEARCH_PATHS = (
					"$(inherited)",
					"@executable_path/Frameworks",
					"@loader_path/Frameworks",
				);
				PRODUCT_BUNDLE_IDENTIFIER = safetynet.SafetyNetUITests;
				PRODUCT_NAME = "$(TARGET_NAME)";
				SWIFT_VERSION = 5.0;
				TARGETED_DEVICE_FAMILY = "1,2";
				TEST_TARGET_NAME = SafetyNet;
			};
			name = Release;
		};
/* End XCBuildConfiguration section */

/* Begin XCConfigurationList section */
		229BA4A124FF05AA00BB0A56 /* Build configuration list for PBXProject "SafetyNet" */ = {
			isa = XCConfigurationList;
			buildConfigurations = (
				229BA4D124FF05AD00BB0A56 /* Debug */,
				229BA4D224FF05AD00BB0A56 /* Release */,
			);
			defaultConfigurationIsVisible = 0;
			defaultConfigurationName = Release;
		};
		229BA4D324FF05AD00BB0A56 /* Build configuration list for PBXNativeTarget "SafetyNet" */ = {
			isa = XCConfigurationList;
			buildConfigurations = (
				229BA4D424FF05AD00BB0A56 /* Debug */,
				229BA4D524FF05AD00BB0A56 /* Release */,
			);
			defaultConfigurationIsVisible = 0;
			defaultConfigurationName = Release;
		};
		229BA4D624FF05AD00BB0A56 /* Build configuration list for PBXNativeTarget "SafetyNetTests" */ = {
			isa = XCConfigurationList;
			buildConfigurations = (
				229BA4D724FF05AD00BB0A56 /* Debug */,
				229BA4D824FF05AD00BB0A56 /* Release */,
			);
			defaultConfigurationIsVisible = 0;
			defaultConfigurationName = Release;
		};
		229BA4D924FF05AD00BB0A56 /* Build configuration list for PBXNativeTarget "SafetyNetUITests" */ = {
			isa = XCConfigurationList;
			buildConfigurations = (
				229BA4DA24FF05AD00BB0A56 /* Debug */,
				229BA4DB24FF05AD00BB0A56 /* Release */,
			);
			defaultConfigurationIsVisible = 0;
			defaultConfigurationName = Release;
		};
/* End XCConfigurationList section */

/* Begin XCVersionGroup section */
		229BA4AD24FF05AA00BB0A56 /* SafetyNet.xcdatamodeld */ = {
			isa = XCVersionGroup;
			children = (
				229BA4AE24FF05AA00BB0A56 /* SafetyNet.xcdatamodel */,
			);
			currentVersion = 229BA4AE24FF05AA00BB0A56 /* SafetyNet.xcdatamodel */;
			path = SafetyNet.xcdatamodeld;
			sourceTree = "<group>";
			versionGroupType = wrapper.xcdatamodel;
		};
/* End XCVersionGroup section */
	};
	rootObject = 229BA49E24FF05AA00BB0A56 /* Project object */;
}
